
Microsoft Visual Studio Solution File, Format Version 12.00
# Visual Studio Version 17
VisualStudioVersion = 17.6.33815.320
MinimumVisualStudioVersion = 10.0.40219.1
Project("{FAE04EC0-301F-11D3-BF4B-00C04F79EFBC}") = "DataStructureProblems", "DataStructureProblems.csproj", "{739D3EED-B894-47E4-ADDD-DEC1D6CD507B}"
EndProject
Global
	GlobalSection(SolutionConfigurationPlatforms) = preSolution
		Debug|Any CPU = Debug|Any CPU
		Release|Any CPU = Release|Any CPU
	EndGlobalSection
	GlobalSection(ProjectConfigurationPlatforms) = postSolution
		{739D3EED-B894-47E4-ADDD-DEC1D6CD507B}.Debug|Any CPU.ActiveCfg = Debug|Any CPU
		{739D3EED-B894-47E4-ADDD-DEC1D6CD507B}.Debug|Any CPU.Build.0 = Debug|Any CPU
		{739D3EED-B894-47E4-ADDD-DEC1D6CD507B}.Release|Any CPU.ActiveCfg = Release|Any CPU
		{739D3EED-B894-47E4-ADDD-DEC1D6CD507B}.Release|Any CPU.Build.0 = Release|Any CPU
	EndGlobalSection
	GlobalSection(SolutionProperties) = preSolution
		HideSolutionNode = FALSE
	EndGlobalSection
	GlobalSection(ExtensibilityGlobals) = postSolution
		SolutionGuid = {25C2FD3B-4B15-4A15-B8B1-0C1A3D7477F7}
	EndGlobalSection
EndGlobal
